{
  "originHash" : "268671ac868b7e4f42ae04080b544bcc60929e3ef5253bdcc0d257d18bdb6f8a",
  "pins" : [
    {
      "identity" : "bluruikit",
      "kind" : "remoteSourceControl",
      "location" : "https://github.com/TimOliver/BlurUIKit.git",
      "state" : {
        "revision" : "235de46a35bae4f5f7bf905831969277b4e7d2aa",
        "version" : "1.5.0"
      }
    },
    {
      "identity" : "easyanchor",
      "kind" : "remoteSourceControl",
      "location" : "https://github.com/PhanithNY/EasyAnchor.git",
      "state" : {
        "branch" : "master",
        "revision" : "fbc2a3b5790a1a857563c0fb7d54ff3bb36cdacc"
      }
    }
  ],
  "version" : 3
}
